
Microsoft Visual Studio Solution File, Format Version 12.00
# Visual Studio 15
VisualStudioVersion = 15.0.27428.2002
MinimumVisualStudioVersion = 10.0.40219.1
Project("{FAE04EC0-301F-11D3-BF4B-00C04F79EFBC}") = "net-distributor", "net-distributor\net-distributor.csproj", "{7C30DB76-4B51-4DAF-9917-FE679403169A}"
EndProject
Global
	GlobalSection(SolutionConfigurationPlatforms) = preSolution
		Debug|Any CPU = Debug|Any CPU
		Release|Any CPU = Release|Any CPU
	EndGlobalSection
	GlobalSection(ProjectConfigurationPlatforms) = postSolution
		{7C30DB76-4B51-4DAF-9917-FE679403169A}.Debug|Any CPU.ActiveCfg = Debug|Any CPU
		{7C30DB76-4B51-4DAF-9917-FE679403169A}.Debug|Any CPU.Build.0 = Debug|Any CPU
		{7C30DB76-4B51-4DAF-9917-FE679403169A}.Release|Any CPU.ActiveCfg = Release|Any CPU
		{7C30DB76-4B51-4DAF-9917-FE679403169A}.Release|Any CPU.Build.0 = Release|Any CPU
	EndGlobalSection
	GlobalSection(SolutionProperties) = preSolution
		HideSolutionNode = FALSE
	EndGlobalSection
	GlobalSection(ExtensibilityGlobals) = postSolution
		SolutionGuid = {BB6D528B-E717-42DC-A38E-8C64C731FD9E}
	EndGlobalSection
EndGlobal
